
Microsoft Visual Studio Solution File, Format Version 12.00
# Visual Studio Version 16
VisualStudioVersion = 16.0.31019.35
MinimumVisualStudioVersion = 10.0.40219.1
Project("{FAE04EC0-301F-11D3-BF4B-00C04F79EFBC}") = "TestWork", "TestWork\TestWork.csproj", "{AF302F1C-0FC6-4A3B-BE32-867CAFC9F8C5}"
EndProject
Global
	GlobalSection(SolutionConfigurationPlatforms) = preSolution
		Debug|Any CPU = Debug|Any CPU
		Release|Any CPU = Release|Any CPU
	EndGlobalSection
	GlobalSection(ProjectConfigurationPlatforms) = postSolution
		{AF302F1C-0FC6-4A3B-BE32-867CAFC9F8C5}.Debug|Any CPU.ActiveCfg = Debug|Any CPU
		{AF302F1C-0FC6-4A3B-BE32-867CAFC9F8C5}.Debug|Any CPU.Build.0 = Debug|Any CPU
		{AF302F1C-0FC6-4A3B-BE32-867CAFC9F8C5}.Release|Any CPU.ActiveCfg = Release|Any CPU
		{AF302F1C-0FC6-4A3B-BE32-867CAFC9F8C5}.Release|Any CPU.Build.0 = Release|Any CPU
	EndGlobalSection
	GlobalSection(SolutionProperties) = preSolution
		HideSolutionNode = FALSE
	EndGlobalSection
	GlobalSection(ExtensibilityGlobals) = postSolution
		SolutionGuid = {E378EEED-5683-4F35-A93A-56BF0652E70C}
	EndGlobalSection
EndGlobal
